
Microsoft Visual Studio Solution File, Format Version 12.00
# Visual Studio Version 17
VisualStudioVersion = 17.0.31903.59
MinimumVisualStudioVersion = 10.0.40219.1
Project("{2150E333-8FDC-42A3-9474-1A3956D46DE8}") = "src", "src", "{08D027D8-D10F-4FAD-853B-FCE276DE6E62}"
EndProject
Project("{2150E333-8FDC-42A3-9474-1A3956D46DE8}") = "Services", "Services", "{4C4D54CE-A453-4F67-906C-5B813A3CFB6F}"
EndProject
Project("{2150E333-8FDC-42A3-9474-1A3956D46DE8}") = "Web", "Web", "{F0615B7F-15E7-4787-AFB7-E93A28AEA7A7}"
EndProject
Project("{2150E333-8FDC-42A3-9474-1A3956D46DE8}") = "ApiGateways", "ApiGateways", "{9E879C70-B52E-4ED4-9E25-A391402CB52B}"
EndProject
Project("{2150E333-8FDC-42A3-9474-1A3956D46DE8}") = "Identity", "Identity", "{798AD70A-F695-4DC4-AAC5-C67AC02478F1}"
EndProject
Project("{9A19103F-16F7-4668-BE54-9A1E7A4F7556}") = "Identity.API", "src\Services\Identity\Identity.API\Identity.API.csproj", "{E35999DD-AD15-4431-A87F-646CD3F21230}"
EndProject
Project("{9A19103F-16F7-4668-BE54-9A1E7A4F7556}") = "ApiGateway.Web", "src\Services\ApiGateways\ApiGateway.Web\ApiGateway.Web.csproj", "{F2A05BE3-CB2B-4E9E-B0A9-1E1CF1B59DF4}"
EndProject
Project("{2150E333-8FDC-42A3-9474-1A3956D46DE8}") = "Orders", "Orders", "{244A111D-8F47-4B57-8D7E-A9A691872A14}"
EndProject
Project("{9A19103F-16F7-4668-BE54-9A1E7A4F7556}") = "Orders.API", "src\Services\Orders\Orders.API\Orders.API.csproj", "{A8DD1C72-D429-49E7-8A40-355B31C410F1}"
EndProject
Project("{9A19103F-16F7-4668-BE54-9A1E7A4F7556}") = "Orders.Application", "src\Services\Orders\Orders.Application\Orders.Application.csproj", "{348D06FE-B3F5-4F8A-9660-7B6E01A32C2C}"
EndProject
Project("{9A19103F-16F7-4668-BE54-9A1E7A4F7556}") = "Orders.Domain", "src\Services\Orders\Orders.Domain\Orders.Domain.csproj", "{272D70AC-20E2-4B31-B0B8-A3D5B311B139}"
EndProject
Project("{9A19103F-16F7-4668-BE54-9A1E7A4F7556}") = "Orders.Infrastructure", "src\Services\Orders\Orders.Infrastructure\Orders.Infrastructure.csproj", "{20064915-5573-4794-B7A5-643D950644DB}"
EndProject
Project("{2150E333-8FDC-42A3-9474-1A3956D46DE8}") = "Common", "Common", "{CE0ED7D4-31FC-4B8B-A434-56F3B33A6C1E}"
EndProject
Project("{9A19103F-16F7-4668-BE54-9A1E7A4F7556}") = "Common.Domain", "src\Services\Common\Common.Domain\Common.Domain.csproj", "{06DEBB09-9C81-4A60-8F37-EAF2AEE4CD20}"
EndProject
Project("{9A19103F-16F7-4668-BE54-9A1E7A4F7556}") = "Common.Application", "src\Services\Common\Common.Application\Common.Application.csproj", "{4ABCE224-0B8C-463D-AC7E-F48F5EB056F1}"
EndProject
Project("{9A19103F-16F7-4668-BE54-9A1E7A4F7556}") = "Common.Infrastructure", "src\Services\Common\Common.Infrastructure\Common.Infrastructure.csproj", "{EC3672DD-31F4-4594-93BC-1ECB11C6A8D4}"
EndProject
Project("{2150E333-8FDC-42A3-9474-1A3956D46DE8}") = "UserManagement", "UserManagement", "{D31A854F-DC35-4079-A1BC-F06B8AE23C3F}"
EndProject
Project("{9A19103F-16F7-4668-BE54-9A1E7A4F7556}") = "UM.API", "src\Services\UserManagement\UM.API\UM.API.csproj", "{ACF53A5D-E05B-40DB-A26E-ECE4BF02E86A}"
EndProject
Project("{9A19103F-16F7-4668-BE54-9A1E7A4F7556}") = "UM.Application", "src\Services\UserManagement\UM.Application\UM.Application.csproj", "{79DF756C-9387-4F1E-B7AE-3EE30EB36307}"
EndProject
Project("{9A19103F-16F7-4668-BE54-9A1E7A4F7556}") = "UM.Domain", "src\Services\UserManagement\UM.Domain\UM.Domain.csproj", "{F9A6727F-CAD2-4D20-9886-06089ED75B99}"
EndProject
Project("{9A19103F-16F7-4668-BE54-9A1E7A4F7556}") = "UM.Infrastructure", "src\Services\UserManagement\UM.Infrastructure\UM.Infrastructure.csproj", "{DE5FA8BC-807F-4F03-9AAE-2F6A7BFE36CC}"
EndProject
Project("{E53339B2-1760-4266-BCC7-CA923CBCF16C}") = "docker-compose", "src\docker-compose.dcproj", "{F2115547-D45F-4C35-9BBD-F19EF38273E8}"
EndProject
Project("{54A90642-561A-4BB1-A94E-469ADEE60C69}") = "WebSPA", "src\Web\webspa\WebSPA.esproj", "{A70A5BA3-3029-48C4-B97D-2A7135123C68}"
EndProject
Global
	GlobalSection(SolutionConfigurationPlatforms) = preSolution
		Debug|Any CPU = Debug|Any CPU
		Release|Any CPU = Release|Any CPU
	EndGlobalSection
	GlobalSection(ProjectConfigurationPlatforms) = postSolution
		{E35999DD-AD15-4431-A87F-646CD3F21230}.Debug|Any CPU.ActiveCfg = Debug|Any CPU
		{E35999DD-AD15-4431-A87F-646CD3F21230}.Debug|Any CPU.Build.0 = Debug|Any CPU
		{E35999DD-AD15-4431-A87F-646CD3F21230}.Release|Any CPU.ActiveCfg = Release|Any CPU
		{E35999DD-AD15-4431-A87F-646CD3F21230}.Release|Any CPU.Build.0 = Release|Any CPU
		{F2A05BE3-CB2B-4E9E-B0A9-1E1CF1B59DF4}.Debug|Any CPU.ActiveCfg = Debug|Any CPU
		{F2A05BE3-CB2B-4E9E-B0A9-1E1CF1B59DF4}.Debug|Any CPU.Build.0 = Debug|Any CPU
		{F2A05BE3-CB2B-4E9E-B0A9-1E1CF1B59DF4}.Release|Any CPU.ActiveCfg = Release|Any CPU
		{F2A05BE3-CB2B-4E9E-B0A9-1E1CF1B59DF4}.Release|Any CPU.Build.0 = Release|Any CPU
		{A8DD1C72-D429-49E7-8A40-355B31C410F1}.Debug|Any CPU.ActiveCfg = Debug|Any CPU
		{A8DD1C72-D429-49E7-8A40-355B31C410F1}.Debug|Any CPU.Build.0 = Debug|Any CPU
		{A8DD1C72-D429-49E7-8A40-355B31C410F1}.Release|Any CPU.ActiveCfg = Release|Any CPU
		{A8DD1C72-D429-49E7-8A40-355B31C410F1}.Release|Any CPU.Build.0 = Release|Any CPU
		{348D06FE-B3F5-4F8A-9660-7B6E01A32C2C}.Debug|Any CPU.ActiveCfg = Debug|Any CPU
		{348D06FE-B3F5-4F8A-9660-7B6E01A32C2C}.Debug|Any CPU.Build.0 = Debug|Any CPU
		{348D06FE-B3F5-4F8A-9660-7B6E01A32C2C}.Release|Any CPU.ActiveCfg = Release|Any CPU
		{348D06FE-B3F5-4F8A-9660-7B6E01A32C2C}.Release|Any CPU.Build.0 = Release|Any CPU
		{272D70AC-20E2-4B31-B0B8-A3D5B311B139}.Debug|Any CPU.ActiveCfg = Debug|Any CPU
		{272D70AC-20E2-4B31-B0B8-A3D5B311B139}.Debug|Any CPU.Build.0 = Debug|Any CPU
		{272D70AC-20E2-4B31-B0B8-A3D5B311B139}.Release|Any CPU.ActiveCfg = Release|Any CPU
		{272D70AC-20E2-4B31-B0B8-A3D5B311B139}.Release|Any CPU.Build.0 = Release|Any CPU
		{20064915-5573-4794-B7A5-643D950644DB}.Debug|Any CPU.ActiveCfg = Debug|Any CPU
		{20064915-5573-4794-B7A5-643D950644DB}.Debug|Any CPU.Build.0 = Debug|Any CPU
		{20064915-5573-4794-B7A5-643D950644DB}.Release|Any CPU.ActiveCfg = Release|Any CPU
		{20064915-5573-4794-B7A5-643D950644DB}.Release|Any CPU.Build.0 = Release|Any CPU
		{06DEBB09-9C81-4A60-8F37-EAF2AEE4CD20}.Debug|Any CPU.ActiveCfg = Debug|Any CPU
		{06DEBB09-9C81-4A60-8F37-EAF2AEE4CD20}.Debug|Any CPU.Build.0 = Debug|Any CPU
		{06DEBB09-9C81-4A60-8F37-EAF2AEE4CD20}.Release|Any CPU.ActiveCfg = Release|Any CPU
		{06DEBB09-9C81-4A60-8F37-EAF2AEE4CD20}.Release|Any CPU.Build.0 = Release|Any CPU
		{4ABCE224-0B8C-463D-AC7E-F48F5EB056F1}.Debug|Any CPU.ActiveCfg = Debug|Any CPU
		{4ABCE224-0B8C-463D-AC7E-F48F5EB056F1}.Debug|Any CPU.Build.0 = Debug|Any CPU
		{4ABCE224-0B8C-463D-AC7E-F48F5EB056F1}.Release|Any CPU.ActiveCfg = Release|Any CPU
		{4ABCE224-0B8C-463D-AC7E-F48F5EB056F1}.Release|Any CPU.Build.0 = Release|Any CPU
		{EC3672DD-31F4-4594-93BC-1ECB11C6A8D4}.Debug|Any CPU.ActiveCfg = Debug|Any CPU
		{EC3672DD-31F4-4594-93BC-1ECB11C6A8D4}.Debug|Any CPU.Build.0 = Debug|Any CPU
		{EC3672DD-31F4-4594-93BC-1ECB11C6A8D4}.Release|Any CPU.ActiveCfg = Release|Any CPU
		{EC3672DD-31F4-4594-93BC-1ECB11C6A8D4}.Release|Any CPU.Build.0 = Release|Any CPU
		{ACF53A5D-E05B-40DB-A26E-ECE4BF02E86A}.Debug|Any CPU.ActiveCfg = Debug|Any CPU
		{ACF53A5D-E05B-40DB-A26E-ECE4BF02E86A}.Debug|Any CPU.Build.0 = Debug|Any CPU
		{ACF53A5D-E05B-40DB-A26E-ECE4BF02E86A}.Release|Any CPU.ActiveCfg = Release|Any CPU
		{ACF53A5D-E05B-40DB-A26E-ECE4BF02E86A}.Release|Any CPU.Build.0 = Release|Any CPU
		{79DF756C-9387-4F1E-B7AE-3EE30EB36307}.Debug|Any CPU.ActiveCfg = Debug|Any CPU
		{79DF756C-9387-4F1E-B7AE-3EE30EB36307}.Debug|Any CPU.Build.0 = Debug|Any CPU
		{79DF756C-9387-4F1E-B7AE-3EE30EB36307}.Release|Any CPU.ActiveCfg = Release|Any CPU
		{79DF756C-9387-4F1E-B7AE-3EE30EB36307}.Release|Any CPU.Build.0 = Release|Any CPU
		{F9A6727F-CAD2-4D20-9886-06089ED75B99}.Debug|Any CPU.ActiveCfg = Debug|Any CPU
		{F9A6727F-CAD2-4D20-9886-06089ED75B99}.Debug|Any CPU.Build.0 = Debug|Any CPU
		{F9A6727F-CAD2-4D20-9886-06089ED75B99}.Release|Any CPU.ActiveCfg = Release|Any CPU
		{F9A6727F-CAD2-4D20-9886-06089ED75B99}.Release|Any CPU.Build.0 = Release|Any CPU
		{DE5FA8BC-807F-4F03-9AAE-2F6A7BFE36CC}.Debug|Any CPU.ActiveCfg = Debug|Any CPU
		{DE5FA8BC-807F-4F03-9AAE-2F6A7BFE36CC}.Debug|Any CPU.Build.0 = Debug|Any CPU
		{DE5FA8BC-807F-4F03-9AAE-2F6A7BFE36CC}.Release|Any CPU.ActiveCfg = Release|Any CPU
		{DE5FA8BC-807F-4F03-9AAE-2F6A7BFE36CC}.Release|Any CPU.Build.0 = Release|Any CPU
		{F2115547-D45F-4C35-9BBD-F19EF38273E8}.Debug|Any CPU.ActiveCfg = Debug|Any CPU
		{F2115547-D45F-4C35-9BBD-F19EF38273E8}.Debug|Any CPU.Build.0 = Debug|Any CPU
		{F2115547-D45F-4C35-9BBD-F19EF38273E8}.Release|Any CPU.ActiveCfg = Release|Any CPU
		{F2115547-D45F-4C35-9BBD-F19EF38273E8}.Release|Any CPU.Build.0 = Release|Any CPU
		{A70A5BA3-3029-48C4-B97D-2A7135123C68}.Debug|Any CPU.ActiveCfg = Debug|Any CPU
		{A70A5BA3-3029-48C4-B97D-2A7135123C68}.Debug|Any CPU.Build.0 = Debug|Any CPU
		{A70A5BA3-3029-48C4-B97D-2A7135123C68}.Debug|Any CPU.Deploy.0 = Debug|Any CPU
		{A70A5BA3-3029-48C4-B97D-2A7135123C68}.Release|Any CPU.ActiveCfg = Release|Any CPU
		{A70A5BA3-3029-48C4-B97D-2A7135123C68}.Release|Any CPU.Build.0 = Release|Any CPU
		{A70A5BA3-3029-48C4-B97D-2A7135123C68}.Release|Any CPU.Deploy.0 = Release|Any CPU
	EndGlobalSection
	GlobalSection(SolutionProperties) = preSolution
		HideSolutionNode = FALSE
	EndGlobalSection
	GlobalSection(NestedProjects) = preSolution
		{4C4D54CE-A453-4F67-906C-5B813A3CFB6F} = {08D027D8-D10F-4FAD-853B-FCE276DE6E62}
		{F0615B7F-15E7-4787-AFB7-E93A28AEA7A7} = {08D027D8-D10F-4FAD-853B-FCE276DE6E62}
		{9E879C70-B52E-4ED4-9E25-A391402CB52B} = {4C4D54CE-A453-4F67-906C-5B813A3CFB6F}
		{798AD70A-F695-4DC4-AAC5-C67AC02478F1} = {4C4D54CE-A453-4F67-906C-5B813A3CFB6F}
		{E35999DD-AD15-4431-A87F-646CD3F21230} = {798AD70A-F695-4DC4-AAC5-C67AC02478F1}
		{F2A05BE3-CB2B-4E9E-B0A9-1E1CF1B59DF4} = {9E879C70-B52E-4ED4-9E25-A391402CB52B}
		{244A111D-8F47-4B57-8D7E-A9A691872A14} = {4C4D54CE-A453-4F67-906C-5B813A3CFB6F}
		{A8DD1C72-D429-49E7-8A40-355B31C410F1} = {244A111D-8F47-4B57-8D7E-A9A691872A14}
		{348D06FE-B3F5-4F8A-9660-7B6E01A32C2C} = {244A111D-8F47-4B57-8D7E-A9A691872A14}
		{272D70AC-20E2-4B31-B0B8-A3D5B311B139} = {244A111D-8F47-4B57-8D7E-A9A691872A14}
		{20064915-5573-4794-B7A5-643D950644DB} = {244A111D-8F47-4B57-8D7E-A9A691872A14}
		{CE0ED7D4-31FC-4B8B-A434-56F3B33A6C1E} = {4C4D54CE-A453-4F67-906C-5B813A3CFB6F}
		{06DEBB09-9C81-4A60-8F37-EAF2AEE4CD20} = {CE0ED7D4-31FC-4B8B-A434-56F3B33A6C1E}
		{4ABCE224-0B8C-463D-AC7E-F48F5EB056F1} = {CE0ED7D4-31FC-4B8B-A434-56F3B33A6C1E}
		{EC3672DD-31F4-4594-93BC-1ECB11C6A8D4} = {CE0ED7D4-31FC-4B8B-A434-56F3B33A6C1E}
		{D31A854F-DC35-4079-A1BC-F06B8AE23C3F} = {4C4D54CE-A453-4F67-906C-5B813A3CFB6F}
		{ACF53A5D-E05B-40DB-A26E-ECE4BF02E86A} = {D31A854F-DC35-4079-A1BC-F06B8AE23C3F}
		{79DF756C-9387-4F1E-B7AE-3EE30EB36307} = {D31A854F-DC35-4079-A1BC-F06B8AE23C3F}
		{F9A6727F-CAD2-4D20-9886-06089ED75B99} = {D31A854F-DC35-4079-A1BC-F06B8AE23C3F}
		{DE5FA8BC-807F-4F03-9AAE-2F6A7BFE36CC} = {D31A854F-DC35-4079-A1BC-F06B8AE23C3F}
		{A70A5BA3-3029-48C4-B97D-2A7135123C68} = {F0615B7F-15E7-4787-AFB7-E93A28AEA7A7}
	EndGlobalSection
	GlobalSection(ExtensibilityGlobals) = postSolution
		SolutionGuid = {C9397E31-D0CD-46BB-B890-631CB88190A5}
	EndGlobalSection
EndGlobal
